
Microsoft Visual Studio Solution File, Format Version 12.00
Project("{FAE04EC0-301F-11D3-BF4B-00C04F79EFBC}") = "artstesh.ru", "artstesh.ru\artstesh.ru.csproj", "{AD2C6E66-CB02-4267-B046-EF61A62994B8}"
EndProject
Project("{FAE04EC0-301F-11D3-BF4B-00C04F79EFBC}") = "artstesh.data", "artstesh.data\artstesh.data.csproj", "{C65BB1CA-F966-468A-8BF8-7AF9C999A702}"
EndProject
Project("{FAE04EC0-301F-11D3-BF4B-00C04F79EFBC}") = "artstesh.tests", "artstesh.tests\artstesh.tests.csproj", "{591B25CF-6E0A-4197-9970-F1681052596E}"
EndProject
Project("{FAE04EC0-301F-11D3-BF4B-00C04F79EFBC}") = "artstesh.core", "artstesh.core\artstesh.core.csproj", "{77ECC1C8-B755-4B2C-B2AD-7389700F7038}"
EndProject
Global
	GlobalSection(SolutionConfigurationPlatforms) = preSolution
		Debug|Any CPU = Debug|Any CPU
		Release|Any CPU = Release|Any CPU
	EndGlobalSection
	GlobalSection(ProjectConfigurationPlatforms) = postSolution
		{AD2C6E66-CB02-4267-B046-EF61A62994B8}.Debug|Any CPU.ActiveCfg = Debug|Any CPU
		{AD2C6E66-CB02-4267-B046-EF61A62994B8}.Debug|Any CPU.Build.0 = Debug|Any CPU
		{AD2C6E66-CB02-4267-B046-EF61A62994B8}.Release|Any CPU.ActiveCfg = Release|Any CPU
		{AD2C6E66-CB02-4267-B046-EF61A62994B8}.Release|Any CPU.Build.0 = Release|Any CPU
		{C65BB1CA-F966-468A-8BF8-7AF9C999A702}.Debug|Any CPU.ActiveCfg = Debug|Any CPU
		{C65BB1CA-F966-468A-8BF8-7AF9C999A702}.Debug|Any CPU.Build.0 = Debug|Any CPU
		{C65BB1CA-F966-468A-8BF8-7AF9C999A702}.Release|Any CPU.ActiveCfg = Release|Any CPU
		{C65BB1CA-F966-468A-8BF8-7AF9C999A702}.Release|Any CPU.Build.0 = Release|Any CPU
		{591B25CF-6E0A-4197-9970-F1681052596E}.Debug|Any CPU.ActiveCfg = Debug|Any CPU
		{591B25CF-6E0A-4197-9970-F1681052596E}.Debug|Any CPU.Build.0 = Debug|Any CPU
		{591B25CF-6E0A-4197-9970-F1681052596E}.Release|Any CPU.ActiveCfg = Release|Any CPU
		{591B25CF-6E0A-4197-9970-F1681052596E}.Release|Any CPU.Build.0 = Release|Any CPU
		{77ECC1C8-B755-4B2C-B2AD-7389700F7038}.Debug|Any CPU.ActiveCfg = Debug|Any CPU
		{77ECC1C8-B755-4B2C-B2AD-7389700F7038}.Debug|Any CPU.Build.0 = Debug|Any CPU
		{77ECC1C8-B755-4B2C-B2AD-7389700F7038}.Release|Any CPU.ActiveCfg = Release|Any CPU
		{77ECC1C8-B755-4B2C-B2AD-7389700F7038}.Release|Any CPU.Build.0 = Release|Any CPU
	EndGlobalSection
EndGlobal
